
Microsoft Visual Studio Solution File, Format Version 12.00
# Visual Studio Version 17
VisualStudioVersion = 17.7.34031.279
MinimumVisualStudioVersion = 10.0.40219.1
Project("{FAE04EC0-301F-11D3-BF4B-00C04F79EFBC}") = "CurrencyExchangesApi", "CurrencyExchangesApi.csproj", "{74672199-D346-4FD5-81FE-471FED611AFB}"
EndProject
Global
	GlobalSection(SolutionConfigurationPlatforms) = preSolution
		Debug|Any CPU = Debug|Any CPU
		Release|Any CPU = Release|Any CPU
	EndGlobalSection
	GlobalSection(ProjectConfigurationPlatforms) = postSolution
		{74672199-D346-4FD5-81FE-471FED611AFB}.Debug|Any CPU.ActiveCfg = Debug|Any CPU
		{74672199-D346-4FD5-81FE-471FED611AFB}.Debug|Any CPU.Build.0 = Debug|Any CPU
		{74672199-D346-4FD5-81FE-471FED611AFB}.Release|Any CPU.ActiveCfg = Release|Any CPU
		{74672199-D346-4FD5-81FE-471FED611AFB}.Release|Any CPU.Build.0 = Release|Any CPU
	EndGlobalSection
	GlobalSection(SolutionProperties) = preSolution
		HideSolutionNode = FALSE
	EndGlobalSection
	GlobalSection(ExtensibilityGlobals) = postSolution
		SolutionGuid = {D010A4E3-C587-4888-85E4-999C3F88ECFA}
	EndGlobalSection
EndGlobal
